
Microsoft Visual Studio Solution File, Format Version 12.00
# Visual Studio Version 17
VisualStudioVersion = 17.3.32901.215
MinimumVisualStudioVersion = 10.0.40219.1
Project("{FAE04EC0-301F-11D3-BF4B-00C04F79EFBC}") = "ITHealth.Data", "ITHealth.Data\ITHealth.Data.csproj", "{4EF72459-D599-4283-A488-6E83DE06B38E}"
EndProject
Project("{FAE04EC0-301F-11D3-BF4B-00C04F79EFBC}") = "ITHealth.Domain", "ITHealth.Domain\ITHealth.Domain.csproj", "{E458DD0D-2BAC-4D13-B988-00E88B070C29}"
EndProject
Project("{FAE04EC0-301F-11D3-BF4B-00C04F79EFBC}") = "ITHealth.Web.API", "ITHealth.Web.API\ITHealth.Web.API.csproj", "{1BF7C864-A2BB-4FCC-B5CC-98D42545BD9E}"
EndProject
Global
	GlobalSection(SolutionConfigurationPlatforms) = preSolution
		Debug|Any CPU = Debug|Any CPU
		Release|Any CPU = Release|Any CPU
	EndGlobalSection
	GlobalSection(ProjectConfigurationPlatforms) = postSolution
		{4EF72459-D599-4283-A488-6E83DE06B38E}.Debug|Any CPU.ActiveCfg = Debug|Any CPU
		{4EF72459-D599-4283-A488-6E83DE06B38E}.Debug|Any CPU.Build.0 = Debug|Any CPU
		{4EF72459-D599-4283-A488-6E83DE06B38E}.Release|Any CPU.ActiveCfg = Release|Any CPU
		{4EF72459-D599-4283-A488-6E83DE06B38E}.Release|Any CPU.Build.0 = Release|Any CPU
		{E458DD0D-2BAC-4D13-B988-00E88B070C29}.Debug|Any CPU.ActiveCfg = Debug|Any CPU
		{E458DD0D-2BAC-4D13-B988-00E88B070C29}.Debug|Any CPU.Build.0 = Debug|Any CPU
		{E458DD0D-2BAC-4D13-B988-00E88B070C29}.Release|Any CPU.ActiveCfg = Release|Any CPU
		{E458DD0D-2BAC-4D13-B988-00E88B070C29}.Release|Any CPU.Build.0 = Release|Any CPU
		{1BF7C864-A2BB-4FCC-B5CC-98D42545BD9E}.Debug|Any CPU.ActiveCfg = Debug|Any CPU
		{1BF7C864-A2BB-4FCC-B5CC-98D42545BD9E}.Debug|Any CPU.Build.0 = Debug|Any CPU
		{1BF7C864-A2BB-4FCC-B5CC-98D42545BD9E}.Release|Any CPU.ActiveCfg = Release|Any CPU
		{1BF7C864-A2BB-4FCC-B5CC-98D42545BD9E}.Release|Any CPU.Build.0 = Release|Any CPU
	EndGlobalSection
	GlobalSection(SolutionProperties) = preSolution
		HideSolutionNode = FALSE
	EndGlobalSection
	GlobalSection(ExtensibilityGlobals) = postSolution
		SolutionGuid = {309EFC31-B878-4D95-8EF6-174DF5562F7F}
	EndGlobalSection
EndGlobal
